// !$*UTF8*$!
{
	archiveVersion = 1;
	classes = {
	};
	objectVersion = 46;
	objects = {

/* Begin PBXBuildFile section */
		5227B7251E5A68D500A9DA15 /* main.m in Sources */ = {isa = PBXBuildFile; fileRef = 5227B7241E5A68D500A9DA15 /* main.m */; };
		5227B7281E5A68D500A9DA15 /* AppDelegate.m in Sources */ = {isa = PBXBuildFile; fileRef = 5227B7271E5A68D500A9DA15 /* AppDelegate.m */; };
		5227B7301E5A68D500A9DA15 /* Assets.xcassets in Resources */ = {isa = PBXBuildFile; fileRef = 5227B72F1E5A68D500A9DA15 /* Assets.xcassets */; };
		5227B73C1E5A695B00A9DA15 /* Dijskstra.m in Sources */ = {isa = PBXBuildFile; fileRef = 5227B73B1E5A695B00A9DA15 /* Dijskstra.m */; };
/* End PBXBuildFile section */

/* Begin PBXFileReference section */
		5227B7201E5A68D500A9DA15 /* InterviewPractice.app */ = {isa = PBXFileReference; explicitFileType = wrapper.application; includeInIndex = 0; path = InterviewPractice.app; sourceTree = BUILT_PRODUCTS_DIR; };
		5227B7241E5A68D500A9DA15 /* main.m */ = {isa = PBXFileReference; lastKnownFileType = sourcecode.c.objc; path = main.m; sourceTree = "<group>"; };
		5227B7261E5A68D500A9DA15 /* AppDelegate.h */ = {isa = PBXFileReference; lastKnownFileType = sourcecode.c.h; path = AppDelegate.h; sourceTree = "<group>"; };
		5227B7271E5A68D500A9DA15 /* AppDelegate.m */ = {isa = PBXFileReference; lastKnownFileType = sourcecode.c.objc; path = AppDelegate.m; sourceTree = "<group>"; };
		5227B72F1E5A68D500A9DA15 /* Assets.xcassets */ = {isa = PBXFileReference; lastKnownFileType = folder.assetcatalog; path = Assets.xcassets; sourceTree = "<group>"; };
		5227B7341E5A68D500A9DA15 /* Info.plist */ = {isa = PBXFileReference; lastKnownFileType = text.plist.xml; path = Info.plist; sourceTree = "<group>"; };
		5227B73A1E5A695B00A9DA15 /* Dijskstra.h */ = {isa = PBXFileReference; fileEncoding = 4; lastKnownFileType = sourcecode.c.h; path = Dijskstra.h; sourceTree = "<group>"; };
		5227B73B1E5A695B00A9DA15 /* Dijskstra.m */ = {isa = PBXFileReference; fileEncoding = 4; lastKnownFileType = sourcecode.c.objc; path = Dijskstra.m; sourceTree = "<group>"; };
/* End PBXFileReference section */

/* Begin PBXFrameworksBuildPhase section */
		5227B71D1E5A68D500A9DA15 /* Frameworks */ = {
			isa = PBXFrameworksBuildPhase;
			buildActionMask = 2147483647;
			files = (
			);
			runOnlyForDeploymentPostprocessing = 0;
		};
/* End PBXFrameworksBuildPhase section */

/* Begin PBXGroup section */
		5227B7171E5A68D500A9DA15 = {
			isa = PBXGroup;
			children = (
				5227B7221E5A68D500A9DA15 /* InterviewPractice */,
				5227B7211E5A68D500A9DA15 /* Products */,
			);
			sourceTree = "<group>";
		};
		5227B7211E5A68D500A9DA15 /* Products */ = {
			isa = PBXGroup;
			children = (
				5227B7201E5A68D500A9DA15 /* InterviewPractice.app */,
			);
			name = Products;
			sourceTree = "<group>";
		};
		5227B7221E5A68D500A9DA15 /* InterviewPractice */ = {
			isa = PBXGroup;
			children = (
				5227B7261E5A68D500A9DA15 /* AppDelegate.h */,
				5227B7271E5A68D500A9DA15 /* AppDelegate.m */,
				5227B72F1E5A68D500A9DA15 /* Assets.xcassets */,
				5227B7341E5A68D500A9DA15 /* Info.plist */,
				5227B7231E5A68D500A9DA15 /* Supporting Files */,
				5227B73A1E5A695B00A9DA15 /* Dijskstra.h */,
				5227B73B1E5A695B00A9DA15 /* Dijskstra.m */,
			);
			path = InterviewPractice;
			sourceTree = "<group>";
		};
		5227B7231E5A68D500A9DA15 /* Supporting Files */ = {
			isa = PBXGroup;
			children = (
				5227B7241E5A68D500A9DA15 /* main.m */,
			);
			name = "Supporting Files";
			sourceTree = "<group>";
		};
/* End PBXGroup section */

/* Begin PBXNativeTarget section */
		5227B71F1E5A68D500A9DA15 /* InterviewPractice */ = {
			isa = PBXNativeTarget;
			buildConfigurationList = 5227B7371E5A68D500A9DA15 /* Build configuration list for PBXNativeTarget "InterviewPractice" */;
			buildPhases = (
				5227B71C1E5A68D500A9DA15 /* Sources */,
				5227B71D1E5A68D500A9DA15 /* Frameworks */,
				5227B71E1E5A68D500A9DA15 /* Resources */,
			);
			buildRules = (
			);
			dependencies = (
			);
			name = InterviewPractice;
			productName = InterviewPractice;
			productReference = 5227B7201E5A68D500A9DA15 /* InterviewPractice.app */;
			productType = "com.apple.product-type.application";
		};
/* End PBXNativeTarget section */

/* Begin PBXProject section */
		5227B7181E5A68D500A9DA15 /* Project object */ = {
			isa = PBXProject;
			attributes = {
				LastUpgradeCheck = 0820;
				ORGANIZATIONNAME = "John Lee";
				TargetAttributes = {
					5227B71F1E5A68D500A9DA15 = {
						CreatedOnToolsVersion = 8.2.1;
						ProvisioningStyle = Automatic;
					};
				};
			};
			buildConfigurationList = 5227B71B1E5A68D500A9DA15 /* Build configuration list for PBXProject "InterviewPractice" */;
			compatibilityVersion = "Xcode 3.2";
			developmentRegion = English;
			hasScannedForEncodings = 0;
			knownRegions = (
				en,
				Base,
			);
			mainGroup = 5227B7171E5A68D500A9DA15;
			productRefGroup = 5227B7211E5A68D500A9DA15 /* Products */;
			projectDirPath = "";
			projectRoot = "";
			targets = (
				5227B71F1E5A68D500A9DA15 /* InterviewPractice */,
			);
		};
/* End PBXProject section */

/* Begin PBXResourcesBuildPhase section */
		5227B71E1E5A68D500A9DA15 /* Resources */ = {
			isa = PBXResourcesBuildPhase;
			buildActionMask = 2147483647;
			files = (
				5227B7301E5A68D500A9DA15 /* Assets.xcassets in Resources */,
			);
			runOnlyForDeploymentPostprocessing = 0;
		};
/* End PBXResourcesBuildPhase section */

/* Begin PBXSourcesBuildPhase section */
		5227B71C1E5A68D500A9DA15 /* Sources */ = {
			isa = PBXSourcesBuildPhase;
			buildActionMask = 2147483647;
			files = (
				5227B7281E5A68D500A9DA15 /* AppDelegate.m in Sources */,
				5227B7251E5A68D500A9DA15 /* main.m in Sources */,
				5227B73C1E5A695B00A9DA15 /* Dijskstra.m in Sources */,
			);
			runOnlyForDeploymentPostprocessing = 0;
		};
/* End PBXSourcesBuildPhase section */

/* Begin XCBuildConfiguration section */
		5227B7351E5A68D500A9DA15 /* Debug */ = {
			isa = XCBuildConfiguration;
			buildSettings = {
				ALWAYS_SEARCH_USER_PATHS = NO;
				CLANG_ANALYZER_NONNULL = YES;
				CLANG_CXX_LANGUAGE_STANDARD = "gnu++0x";
				CLANG_CXX_LIBRARY = "libc++";
				CLANG_ENABLE_MODULES = YES;
				CLANG_ENABLE_OBJC_ARC = YES;
				CLANG_WARN_BOOL_CONVERSION = YES;
				CLANG_WARN_CONSTANT_CONVERSION = YES;
				CLANG_WARN_DIRECT_OBJC_ISA_USAGE = YES_ERROR;
				CLANG_WARN_DOCUMENTATION_COMMENTS = YES;
				CLANG_WARN_EMPTY_BODY = YES;
				CLANG_WARN_ENUM_CONVERSION = YES;
				CLANG_WARN_INFINITE_RECURSION = YES;
				CLANG_WARN_INT_CONVERSION = YES;
				CLANG_WARN_OBJC_ROOT_CLASS = YES_ERROR;
				CLANG_WARN_SUSPICIOUS_MOVE = YES;
				CLANG_WARN_UNREACHABLE_CODE = YES;
				CLANG_WARN__DUPLICATE_METHOD_MATCH = YES;
				"CODE_SIGN_IDENTITY[sdk=iphoneos*]" = "iPhone Developer";
				COPY_PHASE_STRIP = NO;
				DEBUG_INFORMATION_FORMAT = dwarf;
				ENABLE_STRICT_OBJC_MSGSEND = YES;
				ENABLE_TESTABILITY = YES;
				GCC_C_LANGUAGE_STANDARD = gnu99;
				GCC_DYNAMIC_NO_PIC = NO;
				GCC_NO_COMMON_BLOCKS = YES;
				GCC_OPTIMIZATION_LEVEL = 0;
				GCC_PREPROCESSOR_DEFINITIONS = (
					"DEBUG=1",
					"$(inherited)",
				);
				GCC_WARN_64_TO_32_BIT_CONVERSION = YES;
				GCC_WARN_ABOUT_RETURN_TYPE = YES_ERROR;
				GCC_WARN_UNDECLARED_SELECTOR = YES;
				GCC_WARN_UNINITIALIZED_AUTOS = YES_AGGRESSIVE;
				GCC_WARN_UNUSED_FUNCTION = YES;
				GCC_WARN_UNUSED_VARIABLE = YES;
				IPHONEOS_DEPLOYMENT_TARGET = 10.2;
				MTL_ENABLE_DEBUG_INFO = YES;
				ONLY_ACTIVE_ARCH = YES;
				SDKROOT = iphoneos;
				TARGETED_DEVICE_FAMILY = "1,2";
			};
			name = Debug;
		};
		5227B7361E5A68D500A9DA15 /* Release */ = {
			isa = XCBuildConfiguration;
			buildSettings = {
				ALWAYS_SEARCH_USER_PATHS = NO;
				CLANG_ANALYZER_NONNULL = YES;
				CLANG_CXX_LANGUAGE_STANDARD = "gnu++0x";
				CLANG_CXX_LIBRARY = "libc++";
				CLANG_ENABLE_MODULES = YES;
				CLANG_ENABLE_OBJC_ARC = YES;
				CLANG_WARN_BOOL_CONVERSION = YES;
				CLANG_WARN_CONSTANT_CONVERSION = YES;
				CLANG_WARN_DIRECT_OBJC_ISA_USAGE = YES_ERROR;
				CLANG_WARN_DOCUMENTATION_COMMENTS = YES;
				CLANG_WARN_EMPTY_BODY = YES;
				CLANG_WARN_ENUM_CONVERSION = YES;
				CLANG_WARN_INFINITE_RECURSION = YES;
				CLANG_WARN_INT_CONVERSION = YES;
				CLANG_WARN_OBJC_ROOT_CLASS = YES_ERROR;
				CLANG_WARN_SUSPICIOUS_MOVE = YES;
				CLANG_WARN_UNREACHABLE_CODE = YES;
				CLANG_WARN__DUPLICATE_METHOD_MATCH = YES;
				"CODE_SIGN_IDENTITY[sdk=iphoneos*]" = "iPhone Developer";
				COPY_PHASE_STRIP = NO;
				DEBUG_INFORMATION_FORMAT = "dwarf-with-dsym";
				ENABLE_NS_ASSERTIONS = NO;
				ENABLE_STRICT_OBJC_MSGSEND = YES;
				GCC_C_LANGUAGE_STANDARD = gnu99;
				GCC_NO_COMMON_BLOCKS = YES;
				GCC_WARN_64_TO_32_BIT_CONVERSION = YES;
				GCC_WARN_ABOUT_RETURN_TYPE = YES_ERROR;
				GCC_WARN_UNDECLARED_SELECTOR = YES;
				GCC_WARN_UNINITIALIZED_AUTOS = YES_AGGRESSIVE;
				GCC_WARN_UNUSED_FUNCTION = YES;
				GCC_WARN_UNUSED_VARIABLE = YES;
				IPHONEOS_DEPLOYMENT_TARGET = 10.2;
				MTL_ENABLE_DEBUG_INFO = NO;
				SDKROOT = iphoneos;
				TARGETED_DEVICE_FAMILY = "1,2";
				VALIDATE_PRODUCT = YES;
			};
			name = Release;
		};
		5227B7381E5A68D500A9DA15 /* Debug */ = {
			isa = XCBuildConfiguration;
			buildSettings = {
				ASSETCATALOG_COMPILER_APPICON_NAME = AppIcon;
				INFOPLIST_FILE = InterviewPractice/Info.plist;
				LD_RUNPATH_SEARCH_PATHS = "$(inherited) @executable_path/Frameworks";
				PRODUCT_BUNDLE_IDENTIFIER = codingPractice.InterviewPractice;
				PRODUCT_NAME = "$(TARGET_NAME)";
			};
			name = Debug;
		};
		5227B7391E5A68D500A9DA15 /* Release */ = {
			isa = XCBuildConfiguration;
			buildSettings = {
				ASSETCATALOG_COMPILER_APPICON_NAME = AppIcon;
				INFOPLIST_FILE = InterviewPractice/Info.plist;
				LD_RUNPATH_SEARCH_PATHS = "$(inherited) @executable_path/Frameworks";
				PRODUCT_BUNDLE_IDENTIFIER = codingPractice.InterviewPractice;
				PRODUCT_NAME = "$(TARGET_NAME)";
			};
			name = Release;
		};
/* End XCBuildConfiguration section */

/* Begin XCConfigurationList section */
		5227B71B1E5A68D500A9DA15 /* Build configuration list for PBXProject "InterviewPractice" */ = {
			isa = XCConfigurationList;
			buildConfigurations = (
				5227B7351E5A68D500A9DA15 /* Debug */,
				5227B7361E5A68D500A9DA15 /* Release */,
			);
			defaultConfigurationIsVisible = 0;
			defaultConfigurationName = Release;
		};
		5227B7371E5A68D500A9DA15 /* Build configuration list for PBXNativeTarget "InterviewPractice" */ = {
			isa = XCConfigurationList;
			buildConfigurations = (
				5227B7381E5A68D500A9DA15 /* Debug */,
				5227B7391E5A68D500A9DA15 /* Release */,
			);
			defaultConfigurationIsVisible = 0;
		};
/* End XCConfigurationList section */
	};
	rootObject = 5227B7181E5A68D500A9DA15 /* Project object */;
}
